
Microsoft Visual Studio Solution File, Format Version 12.00
# Visual Studio Version 16
VisualStudioVersion = 16.0.33130.400
MinimumVisualStudioVersion = 10.0.40219.1
Project("{FAE04EC0-301F-11D3-BF4B-00C04F79EFBC}") = "ASP-MVC", "ASP-MVC.csproj", "{09FBB58D-6363-4BA4-9BA3-727FD97DF09C}"
EndProject
Global
	GlobalSection(SolutionConfigurationPlatforms) = preSolution
		Debug|Any CPU = Debug|Any CPU
		Release|Any CPU = Release|Any CPU
	EndGlobalSection
	GlobalSection(ProjectConfigurationPlatforms) = postSolution
		{09FBB58D-6363-4BA4-9BA3-727FD97DF09C}.Debug|Any CPU.ActiveCfg = Debug|Any CPU
		{09FBB58D-6363-4BA4-9BA3-727FD97DF09C}.Debug|Any CPU.Build.0 = Debug|Any CPU
		{09FBB58D-6363-4BA4-9BA3-727FD97DF09C}.Release|Any CPU.ActiveCfg = Release|Any CPU
		{09FBB58D-6363-4BA4-9BA3-727FD97DF09C}.Release|Any CPU.Build.0 = Release|Any CPU
	EndGlobalSection
	GlobalSection(SolutionProperties) = preSolution
		HideSolutionNode = FALSE
	EndGlobalSection
	GlobalSection(ExtensibilityGlobals) = postSolution
		SolutionGuid = {2A547B3B-CB29-4639-9D20-7B3B9352C051}
	EndGlobalSection
EndGlobal
